
Microsoft Visual Studio Solution File, Format Version 12.00
# Visual Studio Version 17
VisualStudioVersion = 17.8.34408.163
MinimumVisualStudioVersion = 10.0.40219.1
Project("{FAE04EC0-301F-11D3-BF4B-00C04F79EFBC}") = "FindAvailableProcess", "FindAvailableProcess\FindAvailableProcess.csproj", "{C4A047A4-5913-4C22-B43A-2DE2E3DC3E49}"
EndProject
Project("{FAE04EC0-301F-11D3-BF4B-00C04F79EFBC}") = "FindAvailableProcess.Tests", "FindAvailableProcess.Tests\FindAvailableProcess.Tests.csproj", "{F5D4E5DB-3EC1-44AD-82BD-8C0B61CBF66D}"
EndProject
Global
	GlobalSection(SolutionConfigurationPlatforms) = preSolution
		Debug|Any CPU = Debug|Any CPU
		Release|Any CPU = Release|Any CPU
	EndGlobalSection
	GlobalSection(ProjectConfigurationPlatforms) = postSolution
		{C4A047A4-5913-4C22-B43A-2DE2E3DC3E49}.Debug|Any CPU.ActiveCfg = Debug|Any CPU
		{C4A047A4-5913-4C22-B43A-2DE2E3DC3E49}.Debug|Any CPU.Build.0 = Debug|Any CPU
		{C4A047A4-5913-4C22-B43A-2DE2E3DC3E49}.Release|Any CPU.ActiveCfg = Release|Any CPU
		{C4A047A4-5913-4C22-B43A-2DE2E3DC3E49}.Release|Any CPU.Build.0 = Release|Any CPU
		{F5D4E5DB-3EC1-44AD-82BD-8C0B61CBF66D}.Debug|Any CPU.ActiveCfg = Debug|Any CPU
		{F5D4E5DB-3EC1-44AD-82BD-8C0B61CBF66D}.Debug|Any CPU.Build.0 = Debug|Any CPU
		{F5D4E5DB-3EC1-44AD-82BD-8C0B61CBF66D}.Release|Any CPU.ActiveCfg = Release|Any CPU
		{F5D4E5DB-3EC1-44AD-82BD-8C0B61CBF66D}.Release|Any CPU.Build.0 = Release|Any CPU
	EndGlobalSection
	GlobalSection(SolutionProperties) = preSolution
		HideSolutionNode = FALSE
	EndGlobalSection
	GlobalSection(ExtensibilityGlobals) = postSolution
		SolutionGuid = {D56EA56B-F9E5-476A-B2FB-0EDF6D49719E}
	EndGlobalSection
EndGlobal
